{
  "name": "@fluffy-spoon/substitute",
  "version": "1.0.0",
  "lockfileVersion": 1,
  "requires": true,
  "dependencies": {
    "@types/node": {
      "version": "10.5.1",
      "resolved": "https://registry.npmjs.org/@types/node/-/node-10.5.1.tgz",
      "integrity": "sha512-AFLl1IALIuyt6oK4AYZsgWVJ/5rnyzQWud7IebaZWWV3YmgtPZkQmYio9R5Ze/2pdd7XfqF5bP+hWS11mAKoOQ==",
      "dev": true
    },
    "typescript": {
      "version": "3.0.0-dev.20180705",
      "resolved": "https://registry.npmjs.org/typescript/-/typescript-3.0.0-dev.20180705.tgz",
      "integrity": "sha512-B6wOJcHWth4NL6EuP+Gefzd11BeLGSNh/sjHIPPYsBqtRvgJDzufIFr6QLzO2IDVZ4D7qLwg6YzvHGDHPg5tgQ==",
      "dev": true
    }
  }
}
